
Microsoft Visual Studio Solution File, Format Version 12.00
# Visual Studio Version 17
VisualStudioVersion = 17.8.34408.163
MinimumVisualStudioVersion = 10.0.40219.1
Project("{FAE04EC0-301F-11D3-BF4B-00C04F79EFBC}") = "CapaPresentacion", "CapaPresentacion\CapaPresentacion.csproj", "{E0122271-3387-4E82-8DE0-180B2D7672C7}"
EndProject
Project("{FAE04EC0-301F-11D3-BF4B-00C04F79EFBC}") = "CapaSoporte", "CapaSoporte\CapaSoporte.csproj", "{7A4B123E-5975-44A6-9628-087FAF0F4966}"
EndProject
Project("{FAE04EC0-301F-11D3-BF4B-00C04F79EFBC}") = "CapaDatos", "CapaDatos\CapaDatos.csproj", "{0AD04354-E250-4AEB-BCC7-A5DE59D9B035}"
EndProject
Project("{FAE04EC0-301F-11D3-BF4B-00C04F79EFBC}") = "CapaEntidad", "CapaEntidad\CapaEntidad.csproj", "{08B07E65-83A2-4F68-9B43-18A139C038EE}"
EndProject
Project("{FAE04EC0-301F-11D3-BF4B-00C04F79EFBC}") = "CapaNegocio", "CapaNegocio\CapaNegocio.csproj", "{51590F37-3E1D-4B3D-A345-EDD4DF32200D}"
EndProject
Global
	GlobalSection(SolutionConfigurationPlatforms) = preSolution
		Debug|Any CPU = Debug|Any CPU
		Release|Any CPU = Release|Any CPU
	EndGlobalSection
	GlobalSection(ProjectConfigurationPlatforms) = postSolution
		{E0122271-3387-4E82-8DE0-180B2D7672C7}.Debug|Any CPU.ActiveCfg = Debug|Any CPU
		{E0122271-3387-4E82-8DE0-180B2D7672C7}.Debug|Any CPU.Build.0 = Debug|Any CPU
		{E0122271-3387-4E82-8DE0-180B2D7672C7}.Release|Any CPU.ActiveCfg = Release|Any CPU
		{E0122271-3387-4E82-8DE0-180B2D7672C7}.Release|Any CPU.Build.0 = Release|Any CPU
		{7A4B123E-5975-44A6-9628-087FAF0F4966}.Debug|Any CPU.ActiveCfg = Debug|Any CPU
		{7A4B123E-5975-44A6-9628-087FAF0F4966}.Debug|Any CPU.Build.0 = Debug|Any CPU
		{7A4B123E-5975-44A6-9628-087FAF0F4966}.Release|Any CPU.ActiveCfg = Release|Any CPU
		{7A4B123E-5975-44A6-9628-087FAF0F4966}.Release|Any CPU.Build.0 = Release|Any CPU
		{0AD04354-E250-4AEB-BCC7-A5DE59D9B035}.Debug|Any CPU.ActiveCfg = Debug|Any CPU
		{0AD04354-E250-4AEB-BCC7-A5DE59D9B035}.Debug|Any CPU.Build.0 = Debug|Any CPU
		{0AD04354-E250-4AEB-BCC7-A5DE59D9B035}.Release|Any CPU.ActiveCfg = Release|Any CPU
		{0AD04354-E250-4AEB-BCC7-A5DE59D9B035}.Release|Any CPU.Build.0 = Release|Any CPU
		{08B07E65-83A2-4F68-9B43-18A139C038EE}.Debug|Any CPU.ActiveCfg = Debug|Any CPU
		{08B07E65-83A2-4F68-9B43-18A139C038EE}.Debug|Any CPU.Build.0 = Debug|Any CPU
		{08B07E65-83A2-4F68-9B43-18A139C038EE}.Release|Any CPU.ActiveCfg = Release|Any CPU
		{08B07E65-83A2-4F68-9B43-18A139C038EE}.Release|Any CPU.Build.0 = Release|Any CPU
		{51590F37-3E1D-4B3D-A345-EDD4DF32200D}.Debug|Any CPU.ActiveCfg = Debug|Any CPU
		{51590F37-3E1D-4B3D-A345-EDD4DF32200D}.Debug|Any CPU.Build.0 = Debug|Any CPU
		{51590F37-3E1D-4B3D-A345-EDD4DF32200D}.Release|Any CPU.ActiveCfg = Release|Any CPU
		{51590F37-3E1D-4B3D-A345-EDD4DF32200D}.Release|Any CPU.Build.0 = Release|Any CPU
	EndGlobalSection
	GlobalSection(SolutionProperties) = preSolution
		HideSolutionNode = FALSE
	EndGlobalSection
	GlobalSection(ExtensibilityGlobals) = postSolution
		SolutionGuid = {E52D16CF-ACC6-4327-8BEE-A1DB56DB5724}
	EndGlobalSection
EndGlobal
